// !$*UTF8*$!
{
	archiveVersion = 1;
	classes = {
	};
	objectVersion = 51;
	objects = {

/* Begin PBXBuildFile section */
		84175307249F89BB00B0AEC1 /* Storage.swift in Sources */ = {isa = PBXBuildFile; fileRef = 84175306249F89BB00B0AEC1 /* Storage.swift */; };
		8417530A249FA61E00B0AEC1 /* loader.json in Resources */ = {isa = PBXBuildFile; fileRef = 84175309249FA61E00B0AEC1 /* loader.json */; };
		84175310249FD88F00B0AEC1 /* WeatherTableViewManager.swift in Sources */ = {isa = PBXBuildFile; fileRef = 8417530F249FD88F00B0AEC1 /* WeatherTableViewManager.swift */; };
		8417531824A0D97A00B0AEC1 /* TableViewCellObject.swift in Sources */ = {isa = PBXBuildFile; fileRef = 8417531724A0D97A00B0AEC1 /* TableViewCellObject.swift */; };
		8417531A24A0D9AB00B0AEC1 /* TableViewCell+Defined.swift in Sources */ = {isa = PBXBuildFile; fileRef = 8417531924A0D9AB00B0AEC1 /* TableViewCell+Defined.swift */; };
		8417531C24A0DBB500B0AEC1 /* WeatherCellObject.swift in Sources */ = {isa = PBXBuildFile; fileRef = 8417531B24A0DBB500B0AEC1 /* WeatherCellObject.swift */; };
		8417531F24A0DDBA00B0AEC1 /* WeatherTableViewCell.swift in Sources */ = {isa = PBXBuildFile; fileRef = 8417531D24A0DDBA00B0AEC1 /* WeatherTableViewCell.swift */; };
		8417532024A0DDBA00B0AEC1 /* WeatherTableViewCell.xib in Resources */ = {isa = PBXBuildFile; fileRef = 8417531E24A0DDBA00B0AEC1 /* WeatherTableViewCell.xib */; };
		8417532224A0DDEB00B0AEC1 /* BaseTableViewCell.swift in Sources */ = {isa = PBXBuildFile; fileRef = 8417532124A0DDEB00B0AEC1 /* BaseTableViewCell.swift */; };
		842BEA1B249B7A0B006033D8 /* AppDelegate.swift in Sources */ = {isa = PBXBuildFile; fileRef = 842BEA1A249B7A0B006033D8 /* AppDelegate.swift */; };
		842BEA1F249B7A0B006033D8 /* MainViewController.swift in Sources */ = {isa = PBXBuildFile; fileRef = 842BEA1E249B7A0B006033D8 /* MainViewController.swift */; };
		842BEA22249B7A0B006033D8 /* Main.storyboard in Resources */ = {isa = PBXBuildFile; fileRef = 842BEA20249B7A0B006033D8 /* Main.storyboard */; };
		842BEA24249B7A0E006033D8 /* Assets.xcassets in Resources */ = {isa = PBXBuildFile; fileRef = 842BEA23249B7A0E006033D8 /* Assets.xcassets */; };
		842BEA27249B7A0E006033D8 /* LaunchScreen.storyboard in Resources */ = {isa = PBXBuildFile; fileRef = 842BEA25249B7A0E006033D8 /* LaunchScreen.storyboard */; };
		842BEA3B249BDAB8006033D8 /* UIImage+Icons.swift in Sources */ = {isa = PBXBuildFile; fileRef = 842BEA3A249BDAB8006033D8 /* UIImage+Icons.swift */; };
		842BEA3D249C9940006033D8 /* Coordinator.swift in Sources */ = {isa = PBXBuildFile; fileRef = 842BEA3C249C9940006033D8 /* Coordinator.swift */; };
		842BEA3F249C9952006033D8 /* CoordinatorInterface.swift in Sources */ = {isa = PBXBuildFile; fileRef = 842BEA3E249C9952006033D8 /* CoordinatorInterface.swift */; };
		842BEA48249CB513006033D8 /* WeatherModels.swift in Sources */ = {isa = PBXBuildFile; fileRef = 842BEA47249CB513006033D8 /* WeatherModels.swift */; };
		842BEA4B249CD435006033D8 /* RequestService.swift in Sources */ = {isa = PBXBuildFile; fileRef = 842BEA4A249CD435006033D8 /* RequestService.swift */; };
		842BEA4F249CD958006033D8 /* APIClientInterface.swift in Sources */ = {isa = PBXBuildFile; fileRef = 842BEA4E249CD958006033D8 /* APIClientInterface.swift */; };
		842BEA53249CE2F2006033D8 /* String+Defined.swift in Sources */ = {isa = PBXBuildFile; fileRef = 842BEA52249CE2F2006033D8 /* String+Defined.swift */; };
		842BEA55249D5FA4006033D8 /* WeatherService.swift in Sources */ = {isa = PBXBuildFile; fileRef = 842BEA54249D5FA4006033D8 /* WeatherService.swift */; };
		842BEA58249D669D006033D8 /* MainCoordinator.swift in Sources */ = {isa = PBXBuildFile; fileRef = 842BEA57249D669D006033D8 /* MainCoordinator.swift */; };
		842BEA5A249D66AD006033D8 /* MainCoordinatorAssembly.swift in Sources */ = {isa = PBXBuildFile; fileRef = 842BEA59249D66AD006033D8 /* MainCoordinatorAssembly.swift */; };
		842BEA5C249D673A006033D8 /* MainCoordinatorInterface.swift in Sources */ = {isa = PBXBuildFile; fileRef = 842BEA5B249D673A006033D8 /* MainCoordinatorInterface.swift */; };
		842BEA5E249D685F006033D8 /* MainCoordinatorRouter.swift in Sources */ = {isa = PBXBuildFile; fileRef = 842BEA5D249D685F006033D8 /* MainCoordinatorRouter.swift */; };
		842BEA60249D6C93006033D8 /* MainScreenAssembly.swift in Sources */ = {isa = PBXBuildFile; fileRef = 842BEA5F249D6C93006033D8 /* MainScreenAssembly.swift */; };
		842BEA62249D6CA2006033D8 /* MainScreenPresenter.swift in Sources */ = {isa = PBXBuildFile; fileRef = 842BEA61249D6CA2006033D8 /* MainScreenPresenter.swift */; };
		842BEA64249D6CB0006033D8 /* MainScreenInterface.swift in Sources */ = {isa = PBXBuildFile; fileRef = 842BEA63249D6CB0006033D8 /* MainScreenInterface.swift */; };
		842BEA66249D744C006033D8 /* UIStoryboard+Defined.swift in Sources */ = {isa = PBXBuildFile; fileRef = 842BEA65249D744C006033D8 /* UIStoryboard+Defined.swift */; };
		842BEA69249E2CFC006033D8 /* DailyListViewController.swift in Sources */ = {isa = PBXBuildFile; fileRef = 842BEA68249E2CFC006033D8 /* DailyListViewController.swift */; };
		842BEA6D249E2D4E006033D8 /* WeatherHeaderViewController.swift in Sources */ = {isa = PBXBuildFile; fileRef = 842BEA6C249E2D4E006033D8 /* WeatherHeaderViewController.swift */; };
		842BEA6F249E2D69006033D8 /* WeatherHeaderView.xib in Resources */ = {isa = PBXBuildFile; fileRef = 842BEA6E249E2D69006033D8 /* WeatherHeaderView.xib */; };
		8434638024A1FDD400195206 /* Date+Helpers.swift in Sources */ = {isa = PBXBuildFile; fileRef = 8434637F24A1FDD400195206 /* Date+Helpers.swift */; };
		8461907024A0FD430064E61D /* WeatherCellObjectsFactory.swift in Sources */ = {isa = PBXBuildFile; fileRef = 8461906F24A0FD430064E61D /* WeatherCellObjectsFactory.swift */; };
		846CC95324A0FFA000598A13 /* DailyListAssembly.swift in Sources */ = {isa = PBXBuildFile; fileRef = 846CC95224A0FFA000598A13 /* DailyListAssembly.swift */; };
		846CC95524A1002A00598A13 /* DailyListView.xib in Resources */ = {isa = PBXBuildFile; fileRef = 846CC95424A1002A00598A13 /* DailyListView.xib */; };
		846CC95824A1058900598A13 /* Map.storyboard in Resources */ = {isa = PBXBuildFile; fileRef = 846CC95724A1058900598A13 /* Map.storyboard */; };
		846CC95A24A1059300598A13 /* MapViewController.swift in Sources */ = {isa = PBXBuildFile; fileRef = 846CC95924A1059300598A13 /* MapViewController.swift */; };
		846CC95C24A111F800598A13 /* MapInterface.swift in Sources */ = {isa = PBXBuildFile; fileRef = 846CC95B24A111F800598A13 /* MapInterface.swift */; };
		846CC95E24A1120300598A13 /* MapPresenter.swift in Sources */ = {isa = PBXBuildFile; fileRef = 846CC95D24A1120300598A13 /* MapPresenter.swift */; };
		846CC96024A1120F00598A13 /* MapAssembly.swift in Sources */ = {isa = PBXBuildFile; fileRef = 846CC95F24A1120F00598A13 /* MapAssembly.swift */; };
		846CC96624A165A600598A13 /* MapCoordinator.swift in Sources */ = {isa = PBXBuildFile; fileRef = 846CC96524A165A600598A13 /* MapCoordinator.swift */; };
		846CC96824A165B800598A13 /* MapCoordinatorAssembly.swift in Sources */ = {isa = PBXBuildFile; fileRef = 846CC96724A165B800598A13 /* MapCoordinatorAssembly.swift */; };
		846CC96A24A165C900598A13 /* MapCoordinatorInterface.swift in Sources */ = {isa = PBXBuildFile; fileRef = 846CC96924A165C800598A13 /* MapCoordinatorInterface.swift */; };
		846CC96C24A165DA00598A13 /* MapCoordinatorRouter.swift in Sources */ = {isa = PBXBuildFile; fileRef = 846CC96B24A165DA00598A13 /* MapCoordinatorRouter.swift */; };
		84BC4C6A24A0E6B9002937FA /* UIColor+Defined.swift in Sources */ = {isa = PBXBuildFile; fileRef = 84BC4C6924A0E6B9002937FA /* UIColor+Defined.swift */; };
		84E682E2249E2FFD00B30AC6 /* WeatherHeaderAssembly.swift in Sources */ = {isa = PBXBuildFile; fileRef = 84E682E1249E2FFD00B30AC6 /* WeatherHeaderAssembly.swift */; };
		84E682E4249E300B00B30AC6 /* WeatherHeaderPresenter.swift in Sources */ = {isa = PBXBuildFile; fileRef = 84E682E3249E300B00B30AC6 /* WeatherHeaderPresenter.swift */; };
		84E682E6249E301A00B30AC6 /* WeatherHeaderInterface.swift in Sources */ = {isa = PBXBuildFile; fileRef = 84E682E5249E301A00B30AC6 /* WeatherHeaderInterface.swift */; };
		A92455312A05145F99ED1FCE /* Pods_Weather.framework in Frameworks */ = {isa = PBXBuildFile; fileRef = D8A0CD89CF524E612059D70F /* Pods_Weather.framework */; };
/* End PBXBuildFile section */

/* Begin PBXFileReference section */
		24B4A3AE5871B2089CAF312B /* Pods-Weather.debug.xcconfig */ = {isa = PBXFileReference; includeInIndex = 1; lastKnownFileType = text.xcconfig; name = "Pods-Weather.debug.xcconfig"; path = "Target Support Files/Pods-Weather/Pods-Weather.debug.xcconfig"; sourceTree = "<group>"; };
		84175306249F89BB00B0AEC1 /* Storage.swift */ = {isa = PBXFileReference; lastKnownFileType = sourcecode.swift; path = Storage.swift; sourceTree = "<group>"; };
		84175309249FA61E00B0AEC1 /* loader.json */ = {isa = PBXFileReference; fileEncoding = 4; lastKnownFileType = text.json; path = loader.json; sourceTree = "<group>"; };
		8417530F249FD88F00B0AEC1 /* WeatherTableViewManager.swift */ = {isa = PBXFileReference; lastKnownFileType = sourcecode.swift; path = WeatherTableViewManager.swift; sourceTree = "<group>"; };
		8417531724A0D97A00B0AEC1 /* TableViewCellObject.swift */ = {isa = PBXFileReference; lastKnownFileType = sourcecode.swift; path = TableViewCellObject.swift; sourceTree = "<group>"; };
		8417531924A0D9AB00B0AEC1 /* TableViewCell+Defined.swift */ = {isa = PBXFileReference; lastKnownFileType = sourcecode.swift; path = "TableViewCell+Defined.swift"; sourceTree = "<group>"; };
		8417531B24A0DBB500B0AEC1 /* WeatherCellObject.swift */ = {isa = PBXFileReference; lastKnownFileType = sourcecode.swift; path = WeatherCellObject.swift; sourceTree = "<group>"; };
		8417531D24A0DDBA00B0AEC1 /* WeatherTableViewCell.swift */ = {isa = PBXFileReference; lastKnownFileType = sourcecode.swift; path = WeatherTableViewCell.swift; sourceTree = "<group>"; };
		8417531E24A0DDBA00B0AEC1 /* WeatherTableViewCell.xib */ = {isa = PBXFileReference; lastKnownFileType = file.xib; path = WeatherTableViewCell.xib; sourceTree = "<group>"; };
		8417532124A0DDEB00B0AEC1 /* BaseTableViewCell.swift */ = {isa = PBXFileReference; lastKnownFileType = sourcecode.swift; path = BaseTableViewCell.swift; sourceTree = "<group>"; };
		842BEA17249B7A0B006033D8 /* Dark Sky.app */ = {isa = PBXFileReference; explicitFileType = wrapper.application; includeInIndex = 0; path = "Dark Sky.app"; sourceTree = BUILT_PRODUCTS_DIR; };
		842BEA1A249B7A0B006033D8 /* AppDelegate.swift */ = {isa = PBXFileReference; lastKnownFileType = sourcecode.swift; path = AppDelegate.swift; sourceTree = "<group>"; };
		842BEA1E249B7A0B006033D8 /* MainViewController.swift */ = {isa = PBXFileReference; lastKnownFileType = sourcecode.swift; path = MainViewController.swift; sourceTree = "<group>"; };
		842BEA21249B7A0B006033D8 /* Base */ = {isa = PBXFileReference; lastKnownFileType = file.storyboard; name = Base; path = Base.lproj/Main.storyboard; sourceTree = "<group>"; };
		842BEA23249B7A0E006033D8 /* Assets.xcassets */ = {isa = PBXFileReference; lastKnownFileType = folder.assetcatalog; path = Assets.xcassets; sourceTree = "<group>"; };
		842BEA26249B7A0E006033D8 /* Base */ = {isa = PBXFileReference; lastKnownFileType = file.storyboard; name = Base; path = Base.lproj/LaunchScreen.storyboard; sourceTree = "<group>"; };
		842BEA28249B7A0E006033D8 /* Info.plist */ = {isa = PBXFileReference; lastKnownFileType = text.plist.xml; path = Info.plist; sourceTree = "<group>"; };
		842BEA3A249BDAB8006033D8 /* UIImage+Icons.swift */ = {isa = PBXFileReference; lastKnownFileType = sourcecode.swift; path = "UIImage+Icons.swift"; sourceTree = "<group>"; };
		842BEA3C249C9940006033D8 /* Coordinator.swift */ = {isa = PBXFileReference; lastKnownFileType = sourcecode.swift; path = Coordinator.swift; sourceTree = "<group>"; };
		842BEA3E249C9952006033D8 /* CoordinatorInterface.swift */ = {isa = PBXFileReference; lastKnownFileType = sourcecode.swift; path = CoordinatorInterface.swift; sourceTree = "<group>"; };
		842BEA47249CB513006033D8 /* WeatherModels.swift */ = {isa = PBXFileReference; lastKnownFileType = sourcecode.swift; path = WeatherModels.swift; sourceTree = "<group>"; };
		842BEA4A249CD435006033D8 /* RequestService.swift */ = {isa = PBXFileReference; lastKnownFileType = sourcecode.swift; path = RequestService.swift; sourceTree = "<group>"; };
		842BEA4E249CD958006033D8 /* APIClientInterface.swift */ = {isa = PBXFileReference; lastKnownFileType = sourcecode.swift; path = APIClientInterface.swift; sourceTree = "<group>"; };
		842BEA52249CE2F2006033D8 /* String+Defined.swift */ = {isa = PBXFileReference; lastKnownFileType = sourcecode.swift; path = "String+Defined.swift"; sourceTree = "<group>"; };
		842BEA54249D5FA4006033D8 /* WeatherService.swift */ = {isa = PBXFileReference; fileEncoding = 4; lastKnownFileType = sourcecode.swift; path = WeatherService.swift; sourceTree = "<group>"; };
		842BEA57249D669D006033D8 /* MainCoordinator.swift */ = {isa = PBXFileReference; lastKnownFileType = sourcecode.swift; path = MainCoordinator.swift; sourceTree = "<group>"; };
		842BEA59249D66AD006033D8 /* MainCoordinatorAssembly.swift */ = {isa = PBXFileReference; lastKnownFileType = sourcecode.swift; path = MainCoordinatorAssembly.swift; sourceTree = "<group>"; };
		842BEA5B249D673A006033D8 /* MainCoordinatorInterface.swift */ = {isa = PBXFileReference; lastKnownFileType = sourcecode.swift; path = MainCoordinatorInterface.swift; sourceTree = "<group>"; };
		842BEA5D249D685F006033D8 /* MainCoordinatorRouter.swift */ = {isa = PBXFileReference; lastKnownFileType = sourcecode.swift; path = MainCoordinatorRouter.swift; sourceTree = "<group>"; };
		842BEA5F249D6C93006033D8 /* MainScreenAssembly.swift */ = {isa = PBXFileReference; lastKnownFileType = sourcecode.swift; path = MainScreenAssembly.swift; sourceTree = "<group>"; };
		842BEA61249D6CA2006033D8 /* MainScreenPresenter.swift */ = {isa = PBXFileReference; lastKnownFileType = sourcecode.swift; path = MainScreenPresenter.swift; sourceTree = "<group>"; };
		842BEA63249D6CB0006033D8 /* MainScreenInterface.swift */ = {isa = PBXFileReference; lastKnownFileType = sourcecode.swift; path = MainScreenInterface.swift; sourceTree = "<group>"; };
		842BEA65249D744C006033D8 /* UIStoryboard+Defined.swift */ = {isa = PBXFileReference; lastKnownFileType = sourcecode.swift; path = "UIStoryboard+Defined.swift"; sourceTree = "<group>"; };
		842BEA68249E2CFC006033D8 /* DailyListViewController.swift */ = {isa = PBXFileReference; lastKnownFileType = sourcecode.swift; path = DailyListViewController.swift; sourceTree = "<group>"; };
		842BEA6C249E2D4E006033D8 /* WeatherHeaderViewController.swift */ = {isa = PBXFileReference; lastKnownFileType = sourcecode.swift; path = WeatherHeaderViewController.swift; sourceTree = "<group>"; };
		842BEA6E249E2D69006033D8 /* WeatherHeaderView.xib */ = {isa = PBXFileReference; lastKnownFileType = file.xib; path = WeatherHeaderView.xib; sourceTree = "<group>"; };
		8434637F24A1FDD400195206 /* Date+Helpers.swift */ = {isa = PBXFileReference; lastKnownFileType = sourcecode.swift; path = "Date+Helpers.swift"; sourceTree = "<group>"; };
		8461906F24A0FD430064E61D /* WeatherCellObjectsFactory.swift */ = {isa = PBXFileReference; fileEncoding = 4; lastKnownFileType = sourcecode.swift; path = WeatherCellObjectsFactory.swift; sourceTree = "<group>"; };
		846CC95224A0FFA000598A13 /* DailyListAssembly.swift */ = {isa = PBXFileReference; lastKnownFileType = sourcecode.swift; path = DailyListAssembly.swift; sourceTree = "<group>"; };
		846CC95424A1002A00598A13 /* DailyListView.xib */ = {isa = PBXFileReference; lastKnownFileType = file.xib; path = DailyListView.xib; sourceTree = "<group>"; };
		846CC95724A1058900598A13 /* Map.storyboard */ = {isa = PBXFileReference; lastKnownFileType = file.storyboard; path = Map.storyboard; sourceTree = "<group>"; };
		846CC95924A1059300598A13 /* MapViewController.swift */ = {isa = PBXFileReference; lastKnownFileType = sourcecode.swift; path = MapViewController.swift; sourceTree = "<group>"; };
		846CC95B24A111F800598A13 /* MapInterface.swift */ = {isa = PBXFileReference; lastKnownFileType = sourcecode.swift; path = MapInterface.swift; sourceTree = "<group>"; };
		846CC95D24A1120300598A13 /* MapPresenter.swift */ = {isa = PBXFileReference; lastKnownFileType = sourcecode.swift; path = MapPresenter.swift; sourceTree = "<group>"; };
		846CC95F24A1120F00598A13 /* MapAssembly.swift */ = {isa = PBXFileReference; lastKnownFileType = sourcecode.swift; path = MapAssembly.swift; sourceTree = "<group>"; };
		846CC96524A165A600598A13 /* MapCoordinator.swift */ = {isa = PBXFileReference; lastKnownFileType = sourcecode.swift; path = MapCoordinator.swift; sourceTree = "<group>"; };
		846CC96724A165B800598A13 /* MapCoordinatorAssembly.swift */ = {isa = PBXFileReference; lastKnownFileType = sourcecode.swift; path = MapCoordinatorAssembly.swift; sourceTree = "<group>"; };
		846CC96924A165C800598A13 /* MapCoordinatorInterface.swift */ = {isa = PBXFileReference; lastKnownFileType = sourcecode.swift; path = MapCoordinatorInterface.swift; sourceTree = "<group>"; };
		846CC96B24A165DA00598A13 /* MapCoordinatorRouter.swift */ = {isa = PBXFileReference; lastKnownFileType = sourcecode.swift; path = MapCoordinatorRouter.swift; sourceTree = "<group>"; };
		84BC4C6924A0E6B9002937FA /* UIColor+Defined.swift */ = {isa = PBXFileReference; lastKnownFileType = sourcecode.swift; path = "UIColor+Defined.swift"; sourceTree = "<group>"; };
		84E682E1249E2FFD00B30AC6 /* WeatherHeaderAssembly.swift */ = {isa = PBXFileReference; lastKnownFileType = sourcecode.swift; path = WeatherHeaderAssembly.swift; sourceTree = "<group>"; };
		84E682E3249E300B00B30AC6 /* WeatherHeaderPresenter.swift */ = {isa = PBXFileReference; lastKnownFileType = sourcecode.swift; path = WeatherHeaderPresenter.swift; sourceTree = "<group>"; };
		84E682E5249E301A00B30AC6 /* WeatherHeaderInterface.swift */ = {isa = PBXFileReference; lastKnownFileType = sourcecode.swift; path = WeatherHeaderInterface.swift; sourceTree = "<group>"; };
		B639616E28DFC72B64ED4D85 /* Pods-Weather.release.xcconfig */ = {isa = PBXFileReference; includeInIndex = 1; lastKnownFileType = text.xcconfig; name = "Pods-Weather.release.xcconfig"; path = "Target Support Files/Pods-Weather/Pods-Weather.release.xcconfig"; sourceTree = "<group>"; };
		D8A0CD89CF524E612059D70F /* Pods_Weather.framework */ = {isa = PBXFileReference; explicitFileType = wrapper.framework; includeInIndex = 0; path = Pods_Weather.framework; sourceTree = BUILT_PRODUCTS_DIR; };
/* End PBXFileReference section */

/* Begin PBXFrameworksBuildPhase section */
		842BEA14249B7A0B006033D8 /* Frameworks */ = {
			isa = PBXFrameworksBuildPhase;
			buildActionMask = 2147483647;
			files = (
				A92455312A05145F99ED1FCE /* Pods_Weather.framework in Frameworks */,
			);
			runOnlyForDeploymentPostprocessing = 0;
		};
/* End PBXFrameworksBuildPhase section */

/* Begin PBXGroup section */
		66C5787BDB98F73A1D5A70AE /* Pods */ = {
			isa = PBXGroup;
			children = (
				24B4A3AE5871B2089CAF312B /* Pods-Weather.debug.xcconfig */,
				B639616E28DFC72B64ED4D85 /* Pods-Weather.release.xcconfig */,
			);
			path = Pods;
			sourceTree = "<group>";
		};
		84175305249F899B00B0AEC1 /* Storage */ = {
			isa = PBXGroup;
			children = (
				84175306249F89BB00B0AEC1 /* Storage.swift */,
			);
			path = Storage;
			sourceTree = "<group>";
		};
		84175308249FA60600B0AEC1 /* Resources */ = {
			isa = PBXGroup;
			children = (
				84175309249FA61E00B0AEC1 /* loader.json */,
				842BEA23249B7A0E006033D8 /* Assets.xcassets */,
			);
			path = Resources;
			sourceTree = "<group>";
		};
		8417530B249FD84700B0AEC1 /* WeatherTableView */ = {
			isa = PBXGroup;
			children = (
				8461906F24A0FD430064E61D /* WeatherCellObjectsFactory.swift */,
				8417530F249FD88F00B0AEC1 /* WeatherTableViewManager.swift */,
			);
			path = WeatherTableView;
			sourceTree = "<group>";
		};
		8417530D249FD85800B0AEC1 /* Cells */ = {
			isa = PBXGroup;
			children = (
				84175313249FDA4100B0AEC1 /* WeatherCell */,
			);
			path = Cells;
			sourceTree = "<group>";
		};
		84175313249FDA4100B0AEC1 /* WeatherCell */ = {
			isa = PBXGroup;
			children = (
				8417531B24A0DBB500B0AEC1 /* WeatherCellObject.swift */,
				8417531D24A0DDBA00B0AEC1 /* WeatherTableViewCell.swift */,
				8417531E24A0DDBA00B0AEC1 /* WeatherTableViewCell.xib */,
			);
			path = WeatherCell;
			sourceTree = "<group>";
		};
		8417531524A0D7A000B0AEC1 /* Components */ = {
			isa = PBXGroup;
			children = (
				8417530B249FD84700B0AEC1 /* WeatherTableView */,
				8417530D249FD85800B0AEC1 /* Cells */,
				8417531624A0D7B300B0AEC1 /* BaseCell */,
			);
			path = Components;
			sourceTree = "<group>";
		};
		8417531624A0D7B300B0AEC1 /* BaseCell */ = {
			isa = PBXGroup;
			children = (
				8417531724A0D97A00B0AEC1 /* TableViewCellObject.swift */,
				8417532124A0DDEB00B0AEC1 /* BaseTableViewCell.swift */,
			);
			path = BaseCell;
			sourceTree = "<group>";
		};
		842BEA0E249B7A0B006033D8 = {
			isa = PBXGroup;
			children = (
				842BEA19249B7A0B006033D8 /* Weather */,
				842BEA18249B7A0B006033D8 /* Products */,
				66C5787BDB98F73A1D5A70AE /* Pods */,
				AD96E0E06AAC3331E50E92A8 /* Frameworks */,
			);
			sourceTree = "<group>";
		};
		842BEA18249B7A0B006033D8 /* Products */ = {
			isa = PBXGroup;
			children = (
				842BEA17249B7A0B006033D8 /* Dark Sky.app */,
			);
			name = Products;
			sourceTree = "<group>";
		};
		842BEA19249B7A0B006033D8 /* Weather */ = {
			isa = PBXGroup;
			children = (
				842BEA2E249BD735006033D8 /* Core */,
				842BEA35249BD8C2006033D8 /* Coordinators */,
				842BEA2F249BD73C006033D8 /* Business */,
				842BEA30249BD748006033D8 /* Presentation */,
				842BEA39249BD9EB006033D8 /* Extensions */,
				8417531524A0D7A000B0AEC1 /* Components */,
				842BEA31249BD7CC006033D8 /* SupportingFiles */,
			);
			path = Weather;
			sourceTree = "<group>";
		};
		842BEA2E249BD735006033D8 /* Core */ = {
			isa = PBXGroup;
			children = (
				842BEA32249BD7F1006033D8 /* Application */,
				842BEA36249BD8F2006033D8 /* Coordinator */,
				842BEA49249CD40B006033D8 /* Network */,
				84175305249F899B00B0AEC1 /* Storage */,
			);
			path = Core;
			sourceTree = "<group>";
		};
		842BEA2F249BD73C006033D8 /* Business */ = {
			isa = PBXGroup;
			children = (
				842BEA54249D5FA4006033D8 /* WeatherService.swift */,
				842BEA47249CB513006033D8 /* WeatherModels.swift */,
			);
			path = Business;
			sourceTree = "<group>";
		};
		842BEA30249BD748006033D8 /* Presentation */ = {
			isa = PBXGroup;
			children = (
				846CC95624A1056900598A13 /* Map */,
				842BEA6B249E2D2A006033D8 /* HeaderView */,
				842BEA67249E2CB4006033D8 /* DailyList */,
				842BEA34249BD815006033D8 /* Main */,
				842BEA33249BD806006033D8 /* Launch */,
			);
			path = Presentation;
			sourceTree = "<group>";
		};
		842BEA31249BD7CC006033D8 /* SupportingFiles */ = {
			isa = PBXGroup;
			children = (
				84175308249FA60600B0AEC1 /* Resources */,
				842BEA28249B7A0E006033D8 /* Info.plist */,
			);
			path = SupportingFiles;
			sourceTree = "<group>";
		};
		842BEA32249BD7F1006033D8 /* Application */ = {
			isa = PBXGroup;
			children = (
				842BEA1A249B7A0B006033D8 /* AppDelegate.swift */,
			);
			path = Application;
			sourceTree = "<group>";
		};
		842BEA33249BD806006033D8 /* Launch */ = {
			isa = PBXGroup;
			children = (
				842BEA25249B7A0E006033D8 /* LaunchScreen.storyboard */,
			);
			path = Launch;
			sourceTree = "<group>";
		};
		842BEA34249BD815006033D8 /* Main */ = {
			isa = PBXGroup;
			children = (
				842BEA63249D6CB0006033D8 /* MainScreenInterface.swift */,
				842BEA5F249D6C93006033D8 /* MainScreenAssembly.swift */,
				842BEA61249D6CA2006033D8 /* MainScreenPresenter.swift */,
				842BEA1E249B7A0B006033D8 /* MainViewController.swift */,
				842BEA20249B7A0B006033D8 /* Main.storyboard */,
			);
			path = Main;
			sourceTree = "<group>";
		};
		842BEA35249BD8C2006033D8 /* Coordinators */ = {
			isa = PBXGroup;
			children = (
				846CC96424A1658B00598A13 /* MapCoordinaror */,
				842BEA56249D6685006033D8 /* Main */,
			);
			path = Coordinators;
			sourceTree = "<group>";
		};
		842BEA36249BD8F2006033D8 /* Coordinator */ = {
			isa = PBXGroup;
			children = (
				842BEA3C249C9940006033D8 /* Coordinator.swift */,
				842BEA3E249C9952006033D8 /* CoordinatorInterface.swift */,
			);
			path = Coordinator;
			sourceTree = "<group>";
		};
		842BEA39249BD9EB006033D8 /* Extensions */ = {
			isa = PBXGroup;
			children = (
				842BEA51249CE2DA006033D8 /* Foundation */,
				842BEA50249CE2D1006033D8 /* UIKit */,
			);
			path = Extensions;
			sourceTree = "<group>";
		};
		842BEA49249CD40B006033D8 /* Network */ = {
			isa = PBXGroup;
			children = (
				842BEA4A249CD435006033D8 /* RequestService.swift */,
				842BEA4E249CD958006033D8 /* APIClientInterface.swift */,
			);
			path = Network;
			sourceTree = "<group>";
		};
		842BEA50249CE2D1006033D8 /* UIKit */ = {
			isa = PBXGroup;
			children = (
				842BEA3A249BDAB8006033D8 /* UIImage+Icons.swift */,
				842BEA65249D744C006033D8 /* UIStoryboard+Defined.swift */,
				8417531924A0D9AB00B0AEC1 /* TableViewCell+Defined.swift */,
				84BC4C6924A0E6B9002937FA /* UIColor+Defined.swift */,
			);
			path = UIKit;
			sourceTree = "<group>";
		};
		842BEA51249CE2DA006033D8 /* Foundation */ = {
			isa = PBXGroup;
			children = (
				8434637F24A1FDD400195206 /* Date+Helpers.swift */,
				842BEA52249CE2F2006033D8 /* String+Defined.swift */,
			);
			path = Foundation;
			sourceTree = "<group>";
		};
		842BEA56249D6685006033D8 /* Main */ = {
			isa = PBXGroup;
			children = (
				842BEA57249D669D006033D8 /* MainCoordinator.swift */,
				842BEA59249D66AD006033D8 /* MainCoordinatorAssembly.swift */,
				842BEA5B249D673A006033D8 /* MainCoordinatorInterface.swift */,
				842BEA5D249D685F006033D8 /* MainCoordinatorRouter.swift */,
			);
			path = Main;
			sourceTree = "<group>";
		};
		842BEA67249E2CB4006033D8 /* DailyList */ = {
			isa = PBXGroup;
			children = (
				846CC95224A0FFA000598A13 /* DailyListAssembly.swift */,
				842BEA68249E2CFC006033D8 /* DailyListViewController.swift */,
				846CC95424A1002A00598A13 /* DailyListView.xib */,
			);
			path = DailyList;
			sourceTree = "<group>";
		};
		842BEA6B249E2D2A006033D8 /* HeaderView */ = {
			isa = PBXGroup;
			children = (
				84E682E5249E301A00B30AC6 /* WeatherHeaderInterface.swift */,
				84E682E1249E2FFD00B30AC6 /* WeatherHeaderAssembly.swift */,
				84E682E3249E300B00B30AC6 /* WeatherHeaderPresenter.swift */,
				842BEA6C249E2D4E006033D8 /* WeatherHeaderViewController.swift */,
				842BEA6E249E2D69006033D8 /* WeatherHeaderView.xib */,
			);
			path = HeaderView;
			sourceTree = "<group>";
		};
		846CC95624A1056900598A13 /* Map */ = {
			isa = PBXGroup;
			children = (
				846CC95B24A111F800598A13 /* MapInterface.swift */,
				846CC95F24A1120F00598A13 /* MapAssembly.swift */,
				846CC95D24A1120300598A13 /* MapPresenter.swift */,
				846CC95924A1059300598A13 /* MapViewController.swift */,
				846CC95724A1058900598A13 /* Map.storyboard */,
			);
			path = Map;
			sourceTree = "<group>";
		};
		846CC96424A1658B00598A13 /* MapCoordinaror */ = {
			isa = PBXGroup;
			children = (
				846CC96524A165A600598A13 /* MapCoordinator.swift */,
				846CC96724A165B800598A13 /* MapCoordinatorAssembly.swift */,
				846CC96924A165C800598A13 /* MapCoordinatorInterface.swift */,
				846CC96B24A165DA00598A13 /* MapCoordinatorRouter.swift */,
			);
			path = MapCoordinaror;
			sourceTree = "<group>";
		};
		AD96E0E06AAC3331E50E92A8 /* Frameworks */ = {
			isa = PBXGroup;
			children = (
				D8A0CD89CF524E612059D70F /* Pods_Weather.framework */,
			);
			name = Frameworks;
			sourceTree = "<group>";
		};
/* End PBXGroup section */

/* Begin PBXNativeTarget section */
		842BEA16249B7A0B006033D8 /* Weather */ = {
			isa = PBXNativeTarget;
			buildConfigurationList = 842BEA2B249B7A0E006033D8 /* Build configuration list for PBXNativeTarget "Weather" */;
			buildPhases = (
				A1A2C873A3B6320BCD5573A1 /* [CP] Check Pods Manifest.lock */,
				842BEA13249B7A0B006033D8 /* Sources */,
				842BEA14249B7A0B006033D8 /* Frameworks */,
				842BEA15249B7A0B006033D8 /* Resources */,
				C89068D599B3F0775AFC3CBA /* [CP] Embed Pods Frameworks */,
				25D2048778E0DB5493A2E040 /* [CP] Copy Pods Resources */,
			);
			buildRules = (
			);
			dependencies = (
			);
			name = Weather;
			productName = Wheather;
			productReference = 842BEA17249B7A0B006033D8 /* Dark Sky.app */;
			productType = "com.apple.product-type.application";
		};
/* End PBXNativeTarget section */

/* Begin PBXProject section */
		842BEA0F249B7A0B006033D8 /* Project object */ = {
			isa = PBXProject;
			attributes = {
				LastSwiftUpdateCheck = 1120;
				LastUpgradeCheck = 1120;
				ORGANIZATIONNAME = "Nexen Origin, LLC";
				TargetAttributes = {
					842BEA16249B7A0B006033D8 = {
						CreatedOnToolsVersion = 11.2.1;
					};
				};
			};
			buildConfigurationList = 842BEA12249B7A0B006033D8 /* Build configuration list for PBXProject "Weather" */;
			compatibilityVersion = "Xcode 9.3";
			developmentRegion = en;
			hasScannedForEncodings = 0;
			knownRegions = (
				en,
				Base,
			);
			mainGroup = 842BEA0E249B7A0B006033D8;
			productRefGroup = 842BEA18249B7A0B006033D8 /* Products */;
			projectDirPath = "";
			projectRoot = "";
			targets = (
				842BEA16249B7A0B006033D8 /* Weather */,
			);
		};
/* End PBXProject section */

/* Begin PBXResourcesBuildPhase section */
		842BEA15249B7A0B006033D8 /* Resources */ = {
			isa = PBXResourcesBuildPhase;
			buildActionMask = 2147483647;
			files = (
				846CC95824A1058900598A13 /* Map.storyboard in Resources */,
				8417530A249FA61E00B0AEC1 /* loader.json in Resources */,
				846CC95524A1002A00598A13 /* DailyListView.xib in Resources */,
				842BEA27249B7A0E006033D8 /* LaunchScreen.storyboard in Resources */,
				842BEA24249B7A0E006033D8 /* Assets.xcassets in Resources */,
				842BEA6F249E2D69006033D8 /* WeatherHeaderView.xib in Resources */,
				8417532024A0DDBA00B0AEC1 /* WeatherTableViewCell.xib in Resources */,
				842BEA22249B7A0B006033D8 /* Main.storyboard in Resources */,
			);
			runOnlyForDeploymentPostprocessing = 0;
		};
/* End PBXResourcesBuildPhase section */

/* Begin PBXShellScriptBuildPhase section */
		25D2048778E0DB5493A2E040 /* [CP] Copy Pods Resources */ = {
			isa = PBXShellScriptBuildPhase;
			buildActionMask = 2147483647;
			files = (
			);
			inputFileListPaths = (
				"${PODS_ROOT}/Target Support Files/Pods-Weather/Pods-Weather-resources-${CONFIGURATION}-input-files.xcfilelist",
			);
			name = "[CP] Copy Pods Resources";
			outputFileListPaths = (
				"${PODS_ROOT}/Target Support Files/Pods-Weather/Pods-Weather-resources-${CONFIGURATION}-output-files.xcfilelist",
			);
			runOnlyForDeploymentPostprocessing = 0;
			shellPath = /bin/sh;
			shellScript = "\"${PODS_ROOT}/Target Support Files/Pods-Weather/Pods-Weather-resources.sh\"\n";
			showEnvVarsInLog = 0;
		};
		A1A2C873A3B6320BCD5573A1 /* [CP] Check Pods Manifest.lock */ = {
			isa = PBXShellScriptBuildPhase;
			buildActionMask = 2147483647;
			files = (
			);
			inputFileListPaths = (
			);
			inputPaths = (
				"${PODS_PODFILE_DIR_PATH}/Podfile.lock",
				"${PODS_ROOT}/Manifest.lock",
			);
			name = "[CP] Check Pods Manifest.lock";
			outputFileListPaths = (
			);
			outputPaths = (
				"$(DERIVED_FILE_DIR)/Pods-Weather-checkManifestLockResult.txt",
			);
			runOnlyForDeploymentPostprocessing = 0;
			shellPath = /bin/sh;
			shellScript = "diff \"${PODS_PODFILE_DIR_PATH}/Podfile.lock\" \"${PODS_ROOT}/Manifest.lock\" > /dev/null\nif [ $? != 0 ] ; then\n    # print error to STDERR\n    echo \"error: The sandbox is not in sync with the Podfile.lock. Run 'pod install' or update your CocoaPods installation.\" >&2\n    exit 1\nfi\n# This output is used by Xcode 'outputs' to avoid re-running this script phase.\necho \"SUCCESS\" > \"${SCRIPT_OUTPUT_FILE_0}\"\n";
			showEnvVarsInLog = 0;
		};
		C89068D599B3F0775AFC3CBA /* [CP] Embed Pods Frameworks */ = {
			isa = PBXShellScriptBuildPhase;
			buildActionMask = 2147483647;
			files = (
			);
			inputFileListPaths = (
				"${PODS_ROOT}/Target Support Files/Pods-Weather/Pods-Weather-frameworks-${CONFIGURATION}-input-files.xcfilelist",
			);
			name = "[CP] Embed Pods Frameworks";
			outputFileListPaths = (
				"${PODS_ROOT}/Target Support Files/Pods-Weather/Pods-Weather-frameworks-${CONFIGURATION}-output-files.xcfilelist",
			);
			runOnlyForDeploymentPostprocessing = 0;
			shellPath = /bin/sh;
			shellScript = "\"${PODS_ROOT}/Target Support Files/Pods-Weather/Pods-Weather-frameworks.sh\"\n";
			showEnvVarsInLog = 0;
		};
/* End PBXShellScriptBuildPhase section */

/* Begin PBXSourcesBuildPhase section */
		842BEA13249B7A0B006033D8 /* Sources */ = {
			isa = PBXSourcesBuildPhase;
			buildActionMask = 2147483647;
			files = (
				8417531F24A0DDBA00B0AEC1 /* WeatherTableViewCell.swift in Sources */,
				8417531A24A0D9AB00B0AEC1 /* TableViewCell+Defined.swift in Sources */,
				8461907024A0FD430064E61D /* WeatherCellObjectsFactory.swift in Sources */,
				842BEA4F249CD958006033D8 /* APIClientInterface.swift in Sources */,
				842BEA62249D6CA2006033D8 /* MainScreenPresenter.swift in Sources */,
				842BEA5C249D673A006033D8 /* MainCoordinatorInterface.swift in Sources */,
				8417531C24A0DBB500B0AEC1 /* WeatherCellObject.swift in Sources */,
				842BEA5A249D66AD006033D8 /* MainCoordinatorAssembly.swift in Sources */,
				84BC4C6A24A0E6B9002937FA /* UIColor+Defined.swift in Sources */,
				842BEA3D249C9940006033D8 /* Coordinator.swift in Sources */,
				84175307249F89BB00B0AEC1 /* Storage.swift in Sources */,
				842BEA5E249D685F006033D8 /* MainCoordinatorRouter.swift in Sources */,
				84E682E6249E301A00B30AC6 /* WeatherHeaderInterface.swift in Sources */,
				846CC96824A165B800598A13 /* MapCoordinatorAssembly.swift in Sources */,
				846CC95C24A111F800598A13 /* MapInterface.swift in Sources */,
				842BEA1F249B7A0B006033D8 /* MainViewController.swift in Sources */,
				842BEA3F249C9952006033D8 /* CoordinatorInterface.swift in Sources */,
				842BEA53249CE2F2006033D8 /* String+Defined.swift in Sources */,
				842BEA64249D6CB0006033D8 /* MainScreenInterface.swift in Sources */,
				84E682E4249E300B00B30AC6 /* WeatherHeaderPresenter.swift in Sources */,
				842BEA58249D669D006033D8 /* MainCoordinator.swift in Sources */,
				842BEA55249D5FA4006033D8 /* WeatherService.swift in Sources */,
				8417531824A0D97A00B0AEC1 /* TableViewCellObject.swift in Sources */,
				84E682E2249E2FFD00B30AC6 /* WeatherHeaderAssembly.swift in Sources */,
				8417532224A0DDEB00B0AEC1 /* BaseTableViewCell.swift in Sources */,
				84175310249FD88F00B0AEC1 /* WeatherTableViewManager.swift in Sources */,
				846CC96C24A165DA00598A13 /* MapCoordinatorRouter.swift in Sources */,
				846CC95E24A1120300598A13 /* MapPresenter.swift in Sources */,
				842BEA4B249CD435006033D8 /* RequestService.swift in Sources */,
				842BEA69249E2CFC006033D8 /* DailyListViewController.swift in Sources */,
				842BEA6D249E2D4E006033D8 /* WeatherHeaderViewController.swift in Sources */,
				842BEA60249D6C93006033D8 /* MainScreenAssembly.swift in Sources */,
				842BEA48249CB513006033D8 /* WeatherModels.swift in Sources */,
				846CC96624A165A600598A13 /* MapCoordinator.swift in Sources */,
				846CC96024A1120F00598A13 /* MapAssembly.swift in Sources */,
				846CC95A24A1059300598A13 /* MapViewController.swift in Sources */,
				846CC96A24A165C900598A13 /* MapCoordinatorInterface.swift in Sources */,
				8434638024A1FDD400195206 /* Date+Helpers.swift in Sources */,
				842BEA1B249B7A0B006033D8 /* AppDelegate.swift in Sources */,
				846CC95324A0FFA000598A13 /* DailyListAssembly.swift in Sources */,
				842BEA66249D744C006033D8 /* UIStoryboard+Defined.swift in Sources */,
				842BEA3B249BDAB8006033D8 /* UIImage+Icons.swift in Sources */,
			);
			runOnlyForDeploymentPostprocessing = 0;
		};
/* End PBXSourcesBuildPhase section */

/* Begin PBXVariantGroup section */
		842BEA20249B7A0B006033D8 /* Main.storyboard */ = {
			isa = PBXVariantGroup;
			children = (
				842BEA21249B7A0B006033D8 /* Base */,
			);
			name = Main.storyboard;
			sourceTree = "<group>";
		};
		842BEA25249B7A0E006033D8 /* LaunchScreen.storyboard */ = {
			isa = PBXVariantGroup;
			children = (
				842BEA26249B7A0E006033D8 /* Base */,
			);
			name = LaunchScreen.storyboard;
			sourceTree = "<group>";
		};
/* End PBXVariantGroup section */

/* Begin XCBuildConfiguration section */
		842BEA29249B7A0E006033D8 /* Debug */ = {
			isa = XCBuildConfiguration;
			buildSettings = {
				ALWAYS_SEARCH_USER_PATHS = NO;
				CLANG_ANALYZER_NONNULL = YES;
				CLANG_ANALYZER_NUMBER_OBJECT_CONVERSION = YES_AGGRESSIVE;
				CLANG_CXX_LANGUAGE_STANDARD = "gnu++14";
				CLANG_CXX_LIBRARY = "libc++";
				CLANG_ENABLE_MODULES = YES;
				CLANG_ENABLE_OBJC_ARC = YES;
				CLANG_ENABLE_OBJC_WEAK = YES;
				CLANG_WARN_BLOCK_CAPTURE_AUTORELEASING = YES;
				CLANG_WARN_BOOL_CONVERSION = YES;
				CLANG_WARN_COMMA = YES;
				CLANG_WARN_CONSTANT_CONVERSION = YES;
				CLANG_WARN_DEPRECATED_OBJC_IMPLEMENTATIONS = YES;
				CLANG_WARN_DIRECT_OBJC_ISA_USAGE = YES_ERROR;
				CLANG_WARN_DOCUMENTATION_COMMENTS = YES;
				CLANG_WARN_EMPTY_BODY = YES;
				CLANG_WARN_ENUM_CONVERSION = YES;
				CLANG_WARN_INFINITE_RECURSION = YES;
				CLANG_WARN_INT_CONVERSION = YES;
				CLANG_WARN_NON_LITERAL_NULL_CONVERSION = YES;
				CLANG_WARN_OBJC_IMPLICIT_RETAIN_SELF = YES;
				CLANG_WARN_OBJC_LITERAL_CONVERSION = YES;
				CLANG_WARN_OBJC_ROOT_CLASS = YES_ERROR;
				CLANG_WARN_RANGE_LOOP_ANALYSIS = YES;
				CLANG_WARN_STRICT_PROTOTYPES = YES;
				CLANG_WARN_SUSPICIOUS_MOVE = YES;
				CLANG_WARN_UNGUARDED_AVAILABILITY = YES_AGGRESSIVE;
				CLANG_WARN_UNREACHABLE_CODE = YES;
				CLANG_WARN__DUPLICATE_METHOD_MATCH = YES;
				COPY_PHASE_STRIP = NO;
				DEBUG_INFORMATION_FORMAT = dwarf;
				ENABLE_STRICT_OBJC_MSGSEND = YES;
				ENABLE_TESTABILITY = YES;
				GCC_C_LANGUAGE_STANDARD = gnu11;
				GCC_DYNAMIC_NO_PIC = NO;
				GCC_NO_COMMON_BLOCKS = YES;
				GCC_OPTIMIZATION_LEVEL = 0;
				GCC_PREPROCESSOR_DEFINITIONS = (
					"DEBUG=1",
					"$(inherited)",
				);
				GCC_WARN_64_TO_32_BIT_CONVERSION = YES;
				GCC_WARN_ABOUT_RETURN_TYPE = YES_ERROR;
				GCC_WARN_UNDECLARED_SELECTOR = YES;
				GCC_WARN_UNINITIALIZED_AUTOS = YES_AGGRESSIVE;
				GCC_WARN_UNUSED_FUNCTION = YES;
				GCC_WARN_UNUSED_VARIABLE = YES;
				IPHONEOS_DEPLOYMENT_TARGET = 13.2;
				MTL_ENABLE_DEBUG_INFO = INCLUDE_SOURCE;
				MTL_FAST_MATH = YES;
				ONLY_ACTIVE_ARCH = YES;
				SDKROOT = iphoneos;
				SWIFT_ACTIVE_COMPILATION_CONDITIONS = DEBUG;
				SWIFT_OPTIMIZATION_LEVEL = "-Onone";
			};
			name = Debug;
		};
		842BEA2A249B7A0E006033D8 /* Release */ = {
			isa = XCBuildConfiguration;
			buildSettings = {
				ALWAYS_SEARCH_USER_PATHS = NO;
				CLANG_ANALYZER_NONNULL = YES;
				CLANG_ANALYZER_NUMBER_OBJECT_CONVERSION = YES_AGGRESSIVE;
				CLANG_CXX_LANGUAGE_STANDARD = "gnu++14";
				CLANG_CXX_LIBRARY = "libc++";
				CLANG_ENABLE_MODULES = YES;
				CLANG_ENABLE_OBJC_ARC = YES;
				CLANG_ENABLE_OBJC_WEAK = YES;
				CLANG_WARN_BLOCK_CAPTURE_AUTORELEASING = YES;
				CLANG_WARN_BOOL_CONVERSION = YES;
				CLANG_WARN_COMMA = YES;
				CLANG_WARN_CONSTANT_CONVERSION = YES;
				CLANG_WARN_DEPRECATED_OBJC_IMPLEMENTATIONS = YES;
				CLANG_WARN_DIRECT_OBJC_ISA_USAGE = YES_ERROR;
				CLANG_WARN_DOCUMENTATION_COMMENTS = YES;
				CLANG_WARN_EMPTY_BODY = YES;
				CLANG_WARN_ENUM_CONVERSION = YES;
				CLANG_WARN_INFINITE_RECURSION = YES;
				CLANG_WARN_INT_CONVERSION = YES;
				CLANG_WARN_NON_LITERAL_NULL_CONVERSION = YES;
				CLANG_WARN_OBJC_IMPLICIT_RETAIN_SELF = YES;
				CLANG_WARN_OBJC_LITERAL_CONVERSION = YES;
				CLANG_WARN_OBJC_ROOT_CLASS = YES_ERROR;
				CLANG_WARN_RANGE_LOOP_ANALYSIS = YES;
				CLANG_WARN_STRICT_PROTOTYPES = YES;
				CLANG_WARN_SUSPICIOUS_MOVE = YES;
				CLANG_WARN_UNGUARDED_AVAILABILITY = YES_AGGRESSIVE;
				CLANG_WARN_UNREACHABLE_CODE = YES;
				CLANG_WARN__DUPLICATE_METHOD_MATCH = YES;
				COPY_PHASE_STRIP = NO;
				DEBUG_INFORMATION_FORMAT = "dwarf-with-dsym";
				ENABLE_NS_ASSERTIONS = NO;
				ENABLE_STRICT_OBJC_MSGSEND = YES;
				GCC_C_LANGUAGE_STANDARD = gnu11;
				GCC_NO_COMMON_BLOCKS = YES;
				GCC_WARN_64_TO_32_BIT_CONVERSION = YES;
				GCC_WARN_ABOUT_RETURN_TYPE = YES_ERROR;
				GCC_WARN_UNDECLARED_SELECTOR = YES;
				GCC_WARN_UNINITIALIZED_AUTOS = YES_AGGRESSIVE;
				GCC_WARN_UNUSED_FUNCTION = YES;
				GCC_WARN_UNUSED_VARIABLE = YES;
				IPHONEOS_DEPLOYMENT_TARGET = 13.2;
				MTL_ENABLE_DEBUG_INFO = NO;
				MTL_FAST_MATH = YES;
				SDKROOT = iphoneos;
				SWIFT_COMPILATION_MODE = wholemodule;
				SWIFT_OPTIMIZATION_LEVEL = "-O";
				VALIDATE_PRODUCT = YES;
			};
			name = Release;
		};
		842BEA2C249B7A0E006033D8 /* Debug */ = {
			isa = XCBuildConfiguration;
			baseConfigurationReference = 24B4A3AE5871B2089CAF312B /* Pods-Weather.debug.xcconfig */;
			buildSettings = {
				API_KEY = 3e7e519ea86c8e3fcf67c0f4870513d7;
				ASSETCATALOG_COMPILER_APPICON_NAME = AppIcon;
				BASE_URL = "https://api.darksky.net";
				CODE_SIGN_STYLE = Automatic;
				DEVELOPMENT_TEAM = RH835MWN6G;
				GMS_API_KEY = AIzaSyDeEmUW5VYqPrEyYreMJsTaCqR93ctTYIs;
				INFOPLIST_FILE = "$(SRCROOT)/Weather/SupportingFiles/Info.plist";
				LD_RUNPATH_SEARCH_PATHS = (
					"$(inherited)",
					"@executable_path/Frameworks",
				);
				PRODUCT_BUNDLE_IDENTIFIER = com.nexenorigin.Weather;
				PRODUCT_NAME = "Dark Sky";
				SWIFT_VERSION = 5.0;
				TARGETED_DEVICE_FAMILY = 1;
			};
			name = Debug;
		};
		842BEA2D249B7A0E006033D8 /* Release */ = {
			isa = XCBuildConfiguration;
			baseConfigurationReference = B639616E28DFC72B64ED4D85 /* Pods-Weather.release.xcconfig */;
			buildSettings = {
				API_KEY = 3e7e519ea86c8e3fcf67c0f4870513d7;
				ASSETCATALOG_COMPILER_APPICON_NAME = AppIcon;
				BASE_URL = "https://api.darksky.net";
				CODE_SIGN_STYLE = Automatic;
				DEVELOPMENT_TEAM = RH835MWN6G;
				GMS_API_KEY = AIzaSyDeEmUW5VYqPrEyYreMJsTaCqR93ctTYIs;
				INFOPLIST_FILE = "$(SRCROOT)/Weather/SupportingFiles/Info.plist";
				LD_RUNPATH_SEARCH_PATHS = (
					"$(inherited)",
					"@executable_path/Frameworks",
				);
				PRODUCT_BUNDLE_IDENTIFIER = com.nexenorigin.Weather;
				PRODUCT_NAME = "Dark Sky";
				SWIFT_VERSION = 5.0;
				TARGETED_DEVICE_FAMILY = 1;
			};
			name = Release;
		};
/* End XCBuildConfiguration section */

/* Begin XCConfigurationList section */
		842BEA12249B7A0B006033D8 /* Build configuration list for PBXProject "Weather" */ = {
			isa = XCConfigurationList;
			buildConfigurations = (
				842BEA29249B7A0E006033D8 /* Debug */,
				842BEA2A249B7A0E006033D8 /* Release */,
			);
			defaultConfigurationIsVisible = 0;
			defaultConfigurationName = Release;
		};
		842BEA2B249B7A0E006033D8 /* Build configuration list for PBXNativeTarget "Weather" */ = {
			isa = XCConfigurationList;
			buildConfigurations = (
				842BEA2C249B7A0E006033D8 /* Debug */,
				842BEA2D249B7A0E006033D8 /* Release */,
			);
			defaultConfigurationIsVisible = 0;
			defaultConfigurationName = Release;
		};
/* End XCConfigurationList section */
	};
	rootObject = 842BEA0F249B7A0B006033D8 /* Project object */;
}
